{
  "name": "@anio-software/enkore-private.primitives",
  "version": "0.0.14",
  "lockfileVersion": 3,
  "requires": true,
  "packages": {
    "": {
      "name": "@anio-software/enkore-private.primitives",
      "version": "0.0.14",
      "license": "MIT",
      "devDependencies": {
        "@anio-software/enkore": "^0.0.61",
        "@anio-software/enkore.core": "^0.10.0"
      }
    },
    "node_modules/@anio-software/enkore": {
      "version": "0.0.61",
      "resolved": "https://npm-registry.anio.software/@anio-software/enkore/-/enkore-0.0.61.tgz",
      "integrity": "sha512-hJ+L3u3inZH4Po50/aTsDC8jVcs7RYlDQXWJr7CmpBUB3DZfqw6CVpuL74Sg/VbARRU4xgRYlxpaTlykPNYuOA==",
      "dev": true,
      "license": "MIT",
      "bin": {
        "enkore": "cli.mjs"
      }
    },
    "node_modules/@anio-software/enkore.core": {
      "version": "0.10.0",
      "resolved": "https://npm-registry.anio.software/@anio-software/enkore.core/-/enkore.core-0.10.0.tgz",
      "integrity": "sha512-AJEiFE7tpvNyL1OxYturRT4ioT8Ke5qrc8gnpJ3lYP5hk0f+di07URd9mCJNQXXA2vtxJgZIhLFUmUtDZR3Hug==",
      "dev": true,
      "license": "MIT"
    }
  }
}
