{
  "name": "@anio-software/enkore-private.primitives",
  "version": "0.0.20",
  "lockfileVersion": 3,
  "requires": true,
  "packages": {
    "": {
      "name": "@anio-software/enkore-private.primitives",
      "version": "0.0.20",
      "license": "MIT",
      "devDependencies": {
        "@anio-software/enkore": "^0.0.68",
        "@anio-software/enkore.core": "^0.11.0"
      }
    },
    "node_modules/@anio-software/enkore": {
      "version": "0.0.68",
      "resolved": "https://npm-registry.anio.software/@anio-software/enkore/-/enkore-0.0.68.tgz",
      "integrity": "sha512-zfyu0LtDCpqvofgrKnPng+3dp2TMK0Ny4Qqd1SGF0gnRTNV1dbS+IOmzcER2RjD6iWLdAs9l5QVt0p+y1sjbjQ==",
      "dev": true,
      "license": "MIT",
      "bin": {
        "enkore": "cli.mjs"
      }
    },
    "node_modules/@anio-software/enkore.core": {
      "version": "0.11.0",
      "resolved": "https://npm-registry.anio.software/@anio-software/enkore.core/-/enkore.core-0.11.0.tgz",
      "integrity": "sha512-8VRnclEQeUg4EY9SIDQZnRekzSwLJKepJBhtSwD7G+z2CUFhINODCJ/TEJVp72vK+xtHPliDe9T4dqsNdg5U1w==",
      "dev": true,
      "license": "MIT"
    }
  }
}
